PODS:
  - Flutter (1.0.0)
  - flutter_qr_scanner (0.0.1):
    - Flutter

DEPENDENCIES:
  - Flutter (from `Pods/.symlinks/flutter/ios`)
  - flutter_qr_scanner (from `Pods/.symlinks/plugins/flutter_qr_scanner/ios`)

EXTERNAL SOURCES:
  Flutter:
    :path: Pods/.symlinks/flutter/ios
  flutter_qr_scanner:
    :path: Pods/.symlinks/plugins/flutter_qr_scanner/ios

SPEC CHECKSUMS:
  Flutter: 9d0fac939486c9aba2809b7982dfdbb47a7b0296
  flutter_qr_scanner: 691e6459201093e8ad5ffdc736d2b029d0819ab9

PODFILE CHECKSUM: ea0518673586564c605fb6593d385c0e3708ff8d

COCOAPODS: 1.5.0
